// !$*UTF8*$!
{
	archiveVersion = 1;
	classes = {
	};
	objectVersion = 50;
	objects = {

/* Begin PBXBuildFile section */
		A0080C0524EE1066004369AC /* MenuController.swift in Sources */ = {isa = PBXBuildFile; fileRef = A0080C0424EE1066004369AC /* MenuController.swift */; };
		A06C364024ED59B600A3DBBF /* AppDelegate.swift in Sources */ = {isa = PBXBuildFile; fileRef = A06C363F24ED59B600A3DBBF /* AppDelegate.swift */; };
		A06C364424ED59B600A3DBBF /* HomeController.swift in Sources */ = {isa = PBXBuildFile; fileRef = A06C364324ED59B600A3DBBF /* HomeController.swift */; };
		A06C364724ED59B600A3DBBF /* Main.storyboard in Resources */ = {isa = PBXBuildFile; fileRef = A06C364524ED59B600A3DBBF /* Main.storyboard */; };
		A06C364924ED59B800A3DBBF /* Assets.xcassets in Resources */ = {isa = PBXBuildFile; fileRef = A06C364824ED59B800A3DBBF /* Assets.xcassets */; };
		A06C364C24ED59B800A3DBBF /* LaunchScreen.storyboard in Resources */ = {isa = PBXBuildFile; fileRef = A06C364A24ED59B800A3DBBF /* LaunchScreen.storyboard */; };
/* End PBXBuildFile section */

/* Begin PBXFileReference section */
		A0080C0424EE1066004369AC /* MenuController.swift */ = {isa = PBXFileReference; lastKnownFileType = sourcecode.swift; path = MenuController.swift; sourceTree = "<group>"; };
		A06C363C24ED59B600A3DBBF /* Try SlideOut Menu.app */ = {isa = PBXFileReference; explicitFileType = wrapper.application; includeInIndex = 0; path = "Try SlideOut Menu.app"; sourceTree = BUILT_PRODUCTS_DIR; };
		A06C363F24ED59B600A3DBBF /* AppDelegate.swift */ = {isa = PBXFileReference; lastKnownFileType = sourcecode.swift; path = AppDelegate.swift; sourceTree = "<group>"; };
		A06C364324ED59B600A3DBBF /* HomeController.swift */ = {isa = PBXFileReference; lastKnownFileType = sourcecode.swift; path = HomeController.swift; sourceTree = "<group>"; };
		A06C364624ED59B600A3DBBF /* Base */ = {isa = PBXFileReference; lastKnownFileType = file.storyboard; name = Base; path = Base.lproj/Main.storyboard; sourceTree = "<group>"; };
		A06C364824ED59B800A3DBBF /* Assets.xcassets */ = {isa = PBXFileReference; lastKnownFileType = folder.assetcatalog; path = Assets.xcassets; sourceTree = "<group>"; };
		A06C364B24ED59B800A3DBBF /* Base */ = {isa = PBXFileReference; lastKnownFileType = file.storyboard; name = Base; path = Base.lproj/LaunchScreen.storyboard; sourceTree = "<group>"; };
		A06C364D24ED59B800A3DBBF /* Info.plist */ = {isa = PBXFileReference; lastKnownFileType = text.plist.xml; path = Info.plist; sourceTree = "<group>"; };
/* End PBXFileReference section */

/* Begin PBXFrameworksBuildPhase section */
		A06C363924ED59B600A3DBBF /* Frameworks */ = {
			isa = PBXFrameworksBuildPhase;
			buildActionMask = 2147483647;
			files = (
			);
			runOnlyForDeploymentPostprocessing = 0;
		};
/* End PBXFrameworksBuildPhase section */

/* Begin PBXGroup section */
		A0080C0624EE173B004369AC /* Controllers */ = {
			isa = PBXGroup;
			children = (
				A06C364324ED59B600A3DBBF /* HomeController.swift */,
				A0080C0424EE1066004369AC /* MenuController.swift */,
			);
			path = Controllers;
			sourceTree = "<group>";
		};
		A06C363324ED59B600A3DBBF = {
			isa = PBXGroup;
			children = (
				A06C363E24ED59B600A3DBBF /* Try SlideOut Menu */,
				A06C363D24ED59B600A3DBBF /* Products */,
			);
			sourceTree = "<group>";
		};
		A06C363D24ED59B600A3DBBF /* Products */ = {
			isa = PBXGroup;
			children = (
				A06C363C24ED59B600A3DBBF /* Try SlideOut Menu.app */,
			);
			name = Products;
			sourceTree = "<group>";
		};
		A06C363E24ED59B600A3DBBF /* Try SlideOut Menu */ = {
			isa = PBXGroup;
			children = (
				A06C363F24ED59B600A3DBBF /* AppDelegate.swift */,
				A0080C0624EE173B004369AC /* Controllers */,
				A06C364524ED59B600A3DBBF /* Main.storyboard */,
				A06C364824ED59B800A3DBBF /* Assets.xcassets */,
				A06C364A24ED59B800A3DBBF /* LaunchScreen.storyboard */,
				A06C364D24ED59B800A3DBBF /* Info.plist */,
			);
			path = "Try SlideOut Menu";
			sourceTree = "<group>";
		};
/* End PBXGroup section */

/* Begin PBXNativeTarget section */
		A06C363B24ED59B600A3DBBF /* Try SlideOut Menu */ = {
			isa = PBXNativeTarget;
			buildConfigurationList = A06C365024ED59B800A3DBBF /* Build configuration list for PBXNativeTarget "Try SlideOut Menu" */;
			buildPhases = (
				A06C363824ED59B600A3DBBF /* Sources */,
				A06C363924ED59B600A3DBBF /* Frameworks */,
				A06C363A24ED59B600A3DBBF /* Resources */,
			);
			buildRules = (
			);
			dependencies = (
			);
			name = "Try SlideOut Menu";
			productName = "Try SlideOut Menu";
			productReference = A06C363C24ED59B600A3DBBF /* Try SlideOut Menu.app */;
			productType = "com.apple.product-type.application";
		};
/* End PBXNativeTarget section */

/* Begin PBXProject section */
		A06C363424ED59B600A3DBBF /* Project object */ = {
			isa = PBXProject;
			attributes = {
				LastSwiftUpdateCheck = 1160;
				LastUpgradeCheck = 1160;
				ORGANIZATIONNAME = "SaJesh Shrestha";
				TargetAttributes = {
					A06C363B24ED59B600A3DBBF = {
						CreatedOnToolsVersion = 11.6;
					};
				};
			};
			buildConfigurationList = A06C363724ED59B600A3DBBF /* Build configuration list for PBXProject "Try SlideOut Menu" */;
			compatibilityVersion = "Xcode 9.3";
			developmentRegion = en;
			hasScannedForEncodings = 0;
			knownRegions = (
				en,
				Base,
			);
			mainGroup = A06C363324ED59B600A3DBBF;
			productRefGroup = A06C363D24ED59B600A3DBBF /* Products */;
			projectDirPath = "";
			projectRoot = "";
			targets = (
				A06C363B24ED59B600A3DBBF /* Try SlideOut Menu */,
			);
		};
/* End PBXProject section */

/* Begin PBXResourcesBuildPhase section */
		A06C363A24ED59B600A3DBBF /* Resources */ = {
			isa = PBXResourcesBuildPhase;
			buildActionMask = 2147483647;
			files = (
				A06C364C24ED59B800A3DBBF /* LaunchScreen.storyboard in Resources */,
				A06C364924ED59B800A3DBBF /* Assets.xcassets in Resources */,
				A06C364724ED59B600A3DBBF /* Main.storyboard in Resources */,
			);
			runOnlyForDeploymentPostprocessing = 0;
		};
/* End PBXResourcesBuildPhase section */

/* Begin PBXSourcesBuildPhase section */
		A06C363824ED59B600A3DBBF /* Sources */ = {
			isa = PBXSourcesBuildPhase;
			buildActionMask = 2147483647;
			files = (
				A06C364424ED59B600A3DBBF /* HomeController.swift in Sources */,
				A0080C0524EE1066004369AC /* MenuController.swift in Sources */,
				A06C364024ED59B600A3DBBF /* AppDelegate.swift in Sources */,
			);
			runOnlyForDeploymentPostprocessing = 0;
		};
/* End PBXSourcesBuildPhase section */

/* Begin PBXVariantGroup section */
		A06C364524ED59B600A3DBBF /* Main.storyboard */ = {
			isa = PBXVariantGroup;
			children = (
				A06C364624ED59B600A3DBBF /* Base */,
			);
			name = Main.storyboard;
			sourceTree = "<group>";
		};
		A06C364A24ED59B800A3DBBF /* LaunchScreen.storyboard */ = {
			isa = PBXVariantGroup;
			children = (
				A06C364B24ED59B800A3DBBF /* Base */,
			);
			name = LaunchScreen.storyboard;
			sourceTree = "<group>";
		};
/* End PBXVariantGroup section */

/* Begin XCBuildConfiguration section */
		A06C364E24ED59B800A3DBBF /* Debug */ = {
			isa = XCBuildConfiguration;
			buildSettings = {
				ALWAYS_SEARCH_USER_PATHS = NO;
				CLANG_ANALYZER_NONNULL = YES;
				CLANG_ANALYZER_NUMBER_OBJECT_CONVERSION = YES_AGGRESSIVE;
				CLANG_CXX_LANGUAGE_STANDARD = "gnu++14";
				CLANG_CXX_LIBRARY = "libc++";
				CLANG_ENABLE_MODULES = YES;
				CLANG_ENABLE_OBJC_ARC = YES;
				CLANG_ENABLE_OBJC_WEAK = YES;
				CLANG_WARN_BLOCK_CAPTURE_AUTORELEASING = YES;
				CLANG_WARN_BOOL_CONVERSION = YES;
				CLANG_WARN_COMMA = YES;
				CLANG_WARN_CONSTANT_CONVERSION = YES;
				CLANG_WARN_DEPRECATED_OBJC_IMPLEMENTATIONS = YES;
				CLANG_WARN_DIRECT_OBJC_ISA_USAGE = YES_ERROR;
				CLANG_WARN_DOCUMENTATION_COMMENTS = YES;
				CLANG_WARN_EMPTY_BODY = YES;
				CLANG_WARN_ENUM_CONVERSION = YES;
				CLANG_WARN_INFINITE_RECURSION = YES;
				CLANG_WARN_INT_CONVERSION = YES;
				CLANG_WARN_NON_LITERAL_NULL_CONVERSION = YES;
				CLANG_WARN_OBJC_IMPLICIT_RETAIN_SELF = YES;
				CLANG_WARN_OBJC_LITERAL_CONVERSION = YES;
				CLANG_WARN_OBJC_ROOT_CLASS = YES_ERROR;
				CLANG_WARN_RANGE_LOOP_ANALYSIS = YES;
				CLANG_WARN_STRICT_PROTOTYPES = YES;
				CLANG_WARN_SUSPICIOUS_MOVE = YES;
				CLANG_WARN_UNGUARDED_AVAILABILITY = YES_AGGRESSIVE;
				CLANG_WARN_UNREACHABLE_CODE = YES;
				CLANG_WARN__DUPLICATE_METHOD_MATCH = YES;
				COPY_PHASE_STRIP = NO;
				DEBUG_INFORMATION_FORMAT = dwarf;
				ENABLE_STRICT_OBJC_MSGSEND = YES;
				ENABLE_TESTABILITY = YES;
				GCC_C_LANGUAGE_STANDARD = gnu11;
				GCC_DYNAMIC_NO_PIC = NO;
				GCC_NO_COMMON_BLOCKS = YES;
				GCC_OPTIMIZATION_LEVEL = 0;
				GCC_PREPROCESSOR_DEFINITIONS = (
					"DEBUG=1",
					"$(inherited)",
				);
				GCC_WARN_64_TO_32_BIT_CONVERSION = YES;
				GCC_WARN_ABOUT_RETURN_TYPE = YES_ERROR;
				GCC_WARN_UNDECLARED_SELECTOR = YES;
				GCC_WARN_UNINITIALIZED_AUTOS = YES_AGGRESSIVE;
				GCC_WARN_UNUSED_FUNCTION = YES;
				GCC_WARN_UNUSED_VARIABLE = YES;
				IPHONEOS_DEPLOYMENT_TARGET = 13.6;
				MTL_ENABLE_DEBUG_INFO = INCLUDE_SOURCE;
				MTL_FAST_MATH = YES;
				ONLY_ACTIVE_ARCH = YES;
				SDKROOT = iphoneos;
				SWIFT_ACTIVE_COMPILATION_CONDITIONS = DEBUG;
				SWIFT_OPTIMIZATION_LEVEL = "-Onone";
			};
			name = Debug;
		};
		A06C364F24ED59B800A3DBBF /* Release */ = {
			isa = XCBuildConfiguration;
			buildSettings = {
				ALWAYS_SEARCH_USER_PATHS = NO;
				CLANG_ANALYZER_NONNULL = YES;
				CLANG_ANALYZER_NUMBER_OBJECT_CONVERSION = YES_AGGRESSIVE;
				CLANG_CXX_LANGUAGE_STANDARD = "gnu++14";
				CLANG_CXX_LIBRARY = "libc++";
				CLANG_ENABLE_MODULES = YES;
				CLANG_ENABLE_OBJC_ARC = YES;
				CLANG_ENABLE_OBJC_WEAK = YES;
				CLANG_WARN_BLOCK_CAPTURE_AUTORELEASING = YES;
				CLANG_WARN_BOOL_CONVERSION = YES;
				CLANG_WARN_COMMA = YES;
				CLANG_WARN_CONSTANT_CONVERSION = YES;
				CLANG_WARN_DEPRECATED_OBJC_IMPLEMENTATIONS = YES;
				CLANG_WARN_DIRECT_OBJC_ISA_USAGE = YES_ERROR;
				CLANG_WARN_DOCUMENTATION_COMMENTS = YES;
				CLANG_WARN_EMPTY_BODY = YES;
				CLANG_WARN_ENUM_CONVERSION = YES;
				CLANG_WARN_INFINITE_RECURSION = YES;
				CLANG_WARN_INT_CONVERSION = YES;
				CLANG_WARN_NON_LITERAL_NULL_CONVERSION = YES;
				CLANG_WARN_OBJC_IMPLICIT_RETAIN_SELF = YES;
				CLANG_WARN_OBJC_LITERAL_CONVERSION = YES;
				CLANG_WARN_OBJC_ROOT_CLASS = YES_ERROR;
				CLANG_WARN_RANGE_LOOP_ANALYSIS = YES;
				CLANG_WARN_STRICT_PROTOTYPES = YES;
				CLANG_WARN_SUSPICIOUS_MOVE = YES;
				CLANG_WARN_UNGUARDED_AVAILABILITY = YES_AGGRESSIVE;
				CLANG_WARN_UNREACHABLE_CODE = YES;
				CLANG_WARN__DUPLICATE_METHOD_MATCH = YES;
				COPY_PHASE_STRIP = NO;
				DEBUG_INFORMATION_FORMAT = "dwarf-with-dsym";
				ENABLE_NS_ASSERTIONS = NO;
				ENABLE_STRICT_OBJC_MSGSEND = YES;
				GCC_C_LANGUAGE_STANDARD = gnu11;
				GCC_NO_COMMON_BLOCKS = YES;
				GCC_WARN_64_TO_32_BIT_CONVERSION = YES;
				GCC_WARN_ABOUT_RETURN_TYPE = YES_ERROR;
				GCC_WARN_UNDECLARED_SELECTOR = YES;
				GCC_WARN_UNINITIALIZED_AUTOS = YES_AGGRESSIVE;
				GCC_WARN_UNUSED_FUNCTION = YES;
				GCC_WARN_UNUSED_VARIABLE = YES;
				IPHONEOS_DEPLOYMENT_TARGET = 13.6;
				MTL_ENABLE_DEBUG_INFO = NO;
				MTL_FAST_MATH = YES;
				SDKROOT = iphoneos;
				SWIFT_COMPILATION_MODE = wholemodule;
				SWIFT_OPTIMIZATION_LEVEL = "-O";
				VALIDATE_PRODUCT = YES;
			};
			name = Release;
		};
		A06C365124ED59B800A3DBBF /* Debug */ = {
			isa = XCBuildConfiguration;
			buildSettings = {
				ASSETCATALOG_COMPILER_APPICON_NAME = AppIcon;
				CODE_SIGN_STYLE = Automatic;
				DEVELOPMENT_TEAM = D7DKABEXPR;
				INFOPLIST_FILE = "Try SlideOut Menu/Info.plist";
				IPHONEOS_DEPLOYMENT_TARGET = 12.3;
				LD_RUNPATH_SEARCH_PATHS = (
					"$(inherited)",
					"@executable_path/Frameworks",
				);
				PRODUCT_BUNDLE_IDENTIFIER = "com.example.Try-SlideOut-Menu";
				PRODUCT_NAME = "$(TARGET_NAME)";
				SWIFT_VERSION = 5.0;
				TARGETED_DEVICE_FAMILY = "1,2";
			};
			name = Debug;
		};
		A06C365224ED59B800A3DBBF /* Release */ = {
			isa = XCBuildConfiguration;
			buildSettings = {
				ASSETCATALOG_COMPILER_APPICON_NAME = AppIcon;
				CODE_SIGN_STYLE = Automatic;
				DEVELOPMENT_TEAM = D7DKABEXPR;
				INFOPLIST_FILE = "Try SlideOut Menu/Info.plist";
				IPHONEOS_DEPLOYMENT_TARGET = 12.3;
				LD_RUNPATH_SEARCH_PATHS = (
					"$(inherited)",
					"@executable_path/Frameworks",
				);
				PRODUCT_BUNDLE_IDENTIFIER = "com.example.Try-SlideOut-Menu";
				PRODUCT_NAME = "$(TARGET_NAME)";
				SWIFT_VERSION = 5.0;
				TARGETED_DEVICE_FAMILY = "1,2";
			};
			name = Release;
		};
/* End XCBuildConfiguration section */

/* Begin XCConfigurationList section */
		A06C363724ED59B600A3DBBF /* Build configuration list for PBXProject "Try SlideOut Menu" */ = {
			isa = XCConfigurationList;
			buildConfigurations = (
				A06C364E24ED59B800A3DBBF /* Debug */,
				A06C364F24ED59B800A3DBBF /* Release */,
			);
			defaultConfigurationIsVisible = 0;
			defaultConfigurationName = Release;
		};
		A06C365024ED59B800A3DBBF /* Build configuration list for PBXNativeTarget "Try SlideOut Menu" */ = {
			isa = XCConfigurationList;
			buildConfigurations = (
				A06C365124ED59B800A3DBBF /* Debug */,
				A06C365224ED59B800A3DBBF /* Release */,
			);
			defaultConfigurationIsVisible = 0;
			defaultConfigurationName = Release;
		};
/* End XCConfigurationList section */
	};
	rootObject = A06C363424ED59B600A3DBBF /* Project object */;
}
